
Microsoft Visual Studio Solution File, Format Version 12.00
# Visual Studio 15
VisualStudioVersion = 15.0.26403.7
MinimumVisualStudioVersion = 10.0.40219.1
Project("{FAE04EC0-301F-11D3-BF4B-00C04F79EFBC}") = "local-knowledge.web", "local-knowledge.web\local-knowledge.web.csproj", "{DDAC6A75-AE6D-4F22-AC53-61A2E4CC224E}"
EndProject
Global
	GlobalSection(SolutionConfigurationPlatforms) = preSolution
		Debug|Any CPU = Debug|Any CPU
		Release|Any CPU = Release|Any CPU
	EndGlobalSection
	GlobalSection(ProjectConfigurationPlatforms) = postSolution
		{DDAC6A75-AE6D-4F22-AC53-61A2E4CC224E}.Debug|Any CPU.ActiveCfg = Debug|Any CPU
		{DDAC6A75-AE6D-4F22-AC53-61A2E4CC224E}.Debug|Any CPU.Build.0 = Debug|Any CPU
		{DDAC6A75-AE6D-4F22-AC53-61A2E4CC224E}.Release|Any CPU.ActiveCfg = Release|Any CPU
		{DDAC6A75-AE6D-4F22-AC53-61A2E4CC224E}.Release|Any CPU.Build.0 = Release|Any CPU
	EndGlobalSection
	GlobalSection(SolutionProperties) = preSolution
		HideSolutionNode = FALSE
	EndGlobalSection
EndGlobal
